{
    "_readme": [
        "This file locks the dependencies of your project to a known state",
        "Read more about it at https://getcomposer.org/doc/01-basic-usage.md#installing-dependencies",
        "This file is @generated automatically"
    ],
    "content-hash": "10a39e2d6e69cd366a7f40fe5648bea7",
    "packages": [
        {
            "name": "nnnick/chartjs",
            "version": "v2.9.3",
            "source": {
                "type": "git",
                "url": "https://github.com/chartjs/Chart.js.git",
                "reference": "06f73dc3590084b2c464bf08189c7aee2b6b92d2"
            },
            "dist": {
                "type": "zip",
                "url": "https://api.github.com/repos/chartjs/Chart.js/zipball/06f73dc3590084b2c464bf08189c7aee2b6b92d2",
                "reference": "06f73dc3590084b2c464bf08189c7aee2b6b92d2",
                "shasum": ""
            },
            "require": {
                "php": ">=5.3.3"
            },
            "type": "library",
            "extra": {
                "branch-alias": {
                    "release/2.0": "v2.0-dev"
                }
            },
            "notification-url": "https://packagist.org/downloads/",
            "license": [
                "MIT"
            ],
            "authors": [
                {
                    "name": "NICK DOWNIE",
                    "email": "hello@nickdownie.com"
                }
            ],
            "description": "Simple HTML5 charts using the canvas element.",
            "homepage": "https://www.chartjs.org/",
            "keywords": [
                "JS",
                "chart"
            ],
            "time": "2019-11-14T18:37:30+00:00"
        },
        {
            "name": "twbs/bootstrap",
            "version": "v4.5.0",
            "source": {
                "type": "git",
                "url": "https://github.com/twbs/bootstrap.git",
                "reference": "7a6da5e3e7ad7c749dde806546a35d4d4259d965"
            },
            "dist": {
                "type": "zip",
                "url": "https://api.github.com/repos/twbs/bootstrap/zipball/7a6da5e3e7ad7c749dde806546a35d4d4259d965",
                "reference": "7a6da5e3e7ad7c749dde806546a35d4d4259d965",
                "shasum": ""
            },
            "replace": {
                "twitter/bootstrap": "self.version"
            },
            "type": "library",
            "extra": {
                "branch-alias": {
                    "dev-master": "3.3.x-dev"
                }
            },
            "notification-url": "https://packagist.org/downloads/",
            "license": [
                "MIT"
            ],
            "authors": [
                {
                    "name": "Mark Otto",
                    "email": "markdotto@gmail.com"
                },
                {
                    "name": "Jacob Thornton",
                    "email": "jacobthornton@gmail.com"
                }
            ],
            "description": "The most popular front-end framework for developing responsive, mobile first projects on the web.",
            "homepage": "https://getbootstrap.com/",
            "keywords": [
                "JS",
                "css",
                "framework",
                "front-end",
                "mobile-first",
                "responsive",
                "sass",
                "web"
            ],
            "time": "2020-05-12T17:44:42+00:00"
        }
    ],
    "packages-dev": [],
    "aliases": [],
    "minimum-stability": "stable",
    "stability-flags": [],
    "prefer-stable": false,
    "prefer-lowest": false,
    "platform": [],
    "platform-dev": []
}
